// !$*UTF8*$!
{
	archiveVersion = 1;
	classes = {
	};
	objectVersion = 56;
	objects = {

/* Begin PBXBuildFile section */
		6A20DF6A2962DF840040EBD0 /* KeyboardToolbar in Frameworks */ = {isa = PBXBuildFile; productRef = 6A20DF692962DF840040EBD0 /* KeyboardToolbar */; };
		6A5D8D062965F4FE00BB4310 /* Highlightr in Frameworks */ = {isa = PBXBuildFile; productRef = 6A5D8D052965F4FE00BB4310 /* Highlightr */; };
		6A641C362A568C870095334B /* DesignSystem in Frameworks */ = {isa = PBXBuildFile; productRef = 6A641C352A568C870095334B /* DesignSystem */; };
		6A641C382A568C870095334B /* Markdown in Frameworks */ = {isa = PBXBuildFile; productRef = 6A641C372A568C870095334B /* Markdown */; };
		6A641C3A2A568C870095334B /* Models in Frameworks */ = {isa = PBXBuildFile; productRef = 6A641C392A568C870095334B /* Models */; };
		6A641C3C2A568C870095334B /* Networking in Frameworks */ = {isa = PBXBuildFile; productRef = 6A641C3B2A568C870095334B /* Networking */; };
		6A641C3E2A568C870095334B /* Utilities in Frameworks */ = {isa = PBXBuildFile; productRef = 6A641C3D2A568C870095334B /* Utilities */; };
		6A641C432A56E22B0095334B /* AppAccount in Frameworks */ = {isa = PBXBuildFile; productRef = 6A641C422A56E22B0095334B /* AppAccount */; };
		6A641C452A56E22B0095334B /* Environment in Frameworks */ = {isa = PBXBuildFile; productRef = 6A641C442A56E22B0095334B /* Environment */; };
		6A641C472A56E24B0095334B /* Login in Frameworks */ = {isa = PBXBuildFile; productRef = 6A641C462A56E24B0095334B /* Login */; };
		6A6EEF6D2947AE330018AC26 /* AlertToast in Frameworks */ = {isa = PBXBuildFile; productRef = 6A6EEF6C2947AE330018AC26 /* AlertToast */; };
		6A7CF5322943CF33007B7D68 /* AppDelegate.swift in Sources */ = {isa = PBXBuildFile; fileRef = 6A7CF5312943CF33007B7D68 /* AppDelegate.swift */; };
		6A7CF5342943CF33007B7D68 /* SceneDelegate.swift in Sources */ = {isa = PBXBuildFile; fileRef = 6A7CF5332943CF33007B7D68 /* SceneDelegate.swift */; };
		6A7CF53B2943CF35007B7D68 /* Assets.xcassets in Resources */ = {isa = PBXBuildFile; fileRef = 6A7CF53A2943CF35007B7D68 /* Assets.xcassets */; };
		6A7CF53E2943CF35007B7D68 /* LaunchScreen.storyboard in Resources */ = {isa = PBXBuildFile; fileRef = 6A7CF53C2943CF35007B7D68 /* LaunchScreen.storyboard */; };
		6A7CF55F29446967007B7D68 /* MainTabBarController.swift in Sources */ = {isa = PBXBuildFile; fileRef = 6A7CF55E29446967007B7D68 /* MainTabBarController.swift */; };
		6A7CF56229446B0D007B7D68 /* Inject in Frameworks */ = {isa = PBXBuildFile; productRef = 6A7CF56129446B0D007B7D68 /* Inject */; };
		6A7CF5872944EB0C007B7D68 /* Kingfisher in Frameworks */ = {isa = PBXBuildFile; productRef = 6A7CF5862944EB0C007B7D68 /* Kingfisher */; };
		6AC4F2C7294CD78F00F0A2BA /* AppController.swift in Sources */ = {isa = PBXBuildFile; fileRef = 6AC4F2C6294CD78F00F0A2BA /* AppController.swift */; };
		6AC4F2D4294F52D300F0A2BA /* RootViewControllers.swift in Sources */ = {isa = PBXBuildFile; fileRef = 6AC4F2D3294F52D300F0A2BA /* RootViewControllers.swift */; };
		6AEEE4542966CD5200767BD6 /* emoji.json in Resources */ = {isa = PBXBuildFile; fileRef = 6AEEE4532966CD5200767BD6 /* emoji.json */; };
/* End PBXBuildFile section */

/* Begin PBXFileReference section */
		6A20DF6329620DE30040EBD0 /* GistHub.xcconfig */ = {isa = PBXFileReference; lastKnownFileType = text.xcconfig; path = GistHub.xcconfig; sourceTree = "<group>"; };
		6A641C302A55F00B0095334B /* Networking */ = {isa = PBXFileReference; lastKnownFileType = wrapper; name = Networking; path = Packages/Networking; sourceTree = "<group>"; };
		6A641C312A55F52F0095334B /* Models */ = {isa = PBXFileReference; lastKnownFileType = wrapper; name = Models; path = Packages/Models; sourceTree = "<group>"; };
		6A641C322A5684D00095334B /* Markdown */ = {isa = PBXFileReference; lastKnownFileType = wrapper; name = Markdown; path = Packages/Markdown; sourceTree = "<group>"; };
		6A641C332A5687A50095334B /* DesignSystem */ = {isa = PBXFileReference; lastKnownFileType = wrapper; name = DesignSystem; path = Packages/DesignSystem; sourceTree = "<group>"; };
		6A641C342A5688460095334B /* Utilities */ = {isa = PBXFileReference; lastKnownFileType = wrapper; name = Utilities; path = Packages/Utilities; sourceTree = "<group>"; };
		6A641C3F2A56A8CC0095334B /* Environment */ = {isa = PBXFileReference; lastKnownFileType = wrapper; name = Environment; path = Packages/Environment; sourceTree = "<group>"; };
		6A641C402A56A91B0095334B /* AppAccount */ = {isa = PBXFileReference; lastKnownFileType = wrapper; name = AppAccount; path = Packages/AppAccount; sourceTree = "<group>"; };
		6A641C412A56A9290095334B /* Login */ = {isa = PBXFileReference; lastKnownFileType = wrapper; name = Login; path = Packages/Login; sourceTree = "<group>"; };
		6A641C482A56E5720095334B /* Gist */ = {isa = PBXFileReference; lastKnownFileType = wrapper; name = Gist; path = Packages/Gist; sourceTree = "<group>"; };
		6A641C492A56E99E0095334B /* Editor */ = {isa = PBXFileReference; lastKnownFileType = wrapper; name = Editor; path = Packages/Editor; sourceTree = "<group>"; };
		6A641C4A2A56E9DF0095334B /* Profile */ = {isa = PBXFileReference; lastKnownFileType = wrapper; name = Profile; path = Packages/Profile; sourceTree = "<group>"; };
		6A7CF52E2943CF33007B7D68 /* GistHub.app */ = {isa = PBXFileReference; explicitFileType = wrapper.application; includeInIndex = 0; path = GistHub.app; sourceTree = BUILT_PRODUCTS_DIR; };
		6A7CF5312943CF33007B7D68 /* AppDelegate.swift */ = {isa = PBXFileReference; lastKnownFileType = sourcecode.swift; path = AppDelegate.swift; sourceTree = "<group>"; };
		6A7CF5332943CF33007B7D68 /* SceneDelegate.swift */ = {isa = PBXFileReference; lastKnownFileType = sourcecode.swift; path = SceneDelegate.swift; sourceTree = "<group>"; };
		6A7CF53A2943CF35007B7D68 /* Assets.xcassets */ = {isa = PBXFileReference; lastKnownFileType = folder.assetcatalog; path = Assets.xcassets; sourceTree = "<group>"; };
		6A7CF53D2943CF35007B7D68 /* Base */ = {isa = PBXFileReference; lastKnownFileType = file.storyboard; name = Base; path = Base.lproj/LaunchScreen.storyboard; sourceTree = "<group>"; };
		6A7CF53F2943CF35007B7D68 /* Info.plist */ = {isa = PBXFileReference; lastKnownFileType = text.plist.xml; path = Info.plist; sourceTree = "<group>"; };
		6A7CF55E29446967007B7D68 /* MainTabBarController.swift */ = {isa = PBXFileReference; lastKnownFileType = sourcecode.swift; path = MainTabBarController.swift; sourceTree = "<group>"; };
		6A9BF50129503C3200EBFF04 /* ci_pre_xcodebuild.sh */ = {isa = PBXFileReference; lastKnownFileType = text.script.sh; path = ci_pre_xcodebuild.sh; sourceTree = "<group>"; };
		6AC4F2C6294CD78F00F0A2BA /* AppController.swift */ = {isa = PBXFileReference; lastKnownFileType = sourcecode.swift; path = AppController.swift; sourceTree = "<group>"; };
		6AC4F2D3294F52D300F0A2BA /* RootViewControllers.swift */ = {isa = PBXFileReference; lastKnownFileType = sourcecode.swift; path = RootViewControllers.swift; sourceTree = "<group>"; };
		6AEEE4532966CD5200767BD6 /* emoji.json */ = {isa = PBXFileReference; lastKnownFileType = text.json; path = emoji.json; sourceTree = "<group>"; };
/* End PBXFileReference section */

/* Begin PBXFrameworksBuildPhase section */
		6A7CF52B2943CF33007B7D68 /* Frameworks */ = {
			isa = PBXFrameworksBuildPhase;
			buildActionMask = 2147483647;
			files = (
				6A641C3C2A568C870095334B /* Networking in Frameworks */,
				6A641C432A56E22B0095334B /* AppAccount in Frameworks */,
				6A6EEF6D2947AE330018AC26 /* AlertToast in Frameworks */,
				6A641C472A56E24B0095334B /* Login in Frameworks */,
				6A5D8D062965F4FE00BB4310 /* Highlightr in Frameworks */,
				6A641C452A56E22B0095334B /* Environment in Frameworks */,
				6A641C3E2A568C870095334B /* Utilities in Frameworks */,
				6A641C3A2A568C870095334B /* Models in Frameworks */,
				6A7CF5872944EB0C007B7D68 /* Kingfisher in Frameworks */,
				6A641C382A568C870095334B /* Markdown in Frameworks */,
				6A641C362A568C870095334B /* DesignSystem in Frameworks */,
				6A20DF6A2962DF840040EBD0 /* KeyboardToolbar in Frameworks */,
				6A7CF56229446B0D007B7D68 /* Inject in Frameworks */,
			);
			runOnlyForDeploymentPostprocessing = 0;
		};
/* End PBXFrameworksBuildPhase section */

/* Begin PBXGroup section */
		6A7CF5252943CF33007B7D68 = {
			isa = PBXGroup;
			children = (
				6A641C402A56A91B0095334B /* AppAccount */,
				6A641C332A5687A50095334B /* DesignSystem */,
				6A641C492A56E99E0095334B /* Editor */,
				6A641C3F2A56A8CC0095334B /* Environment */,
				6A641C482A56E5720095334B /* Gist */,
				6A641C412A56A9290095334B /* Login */,
				6A641C322A5684D00095334B /* Markdown */,
				6A641C312A55F52F0095334B /* Models */,
				6A641C302A55F00B0095334B /* Networking */,
				6A641C4A2A56E9DF0095334B /* Profile */,
				6A641C342A5688460095334B /* Utilities */,
				6A20DF6329620DE30040EBD0 /* GistHub.xcconfig */,
				6A9BF50029503C0300EBFF04 /* ci_scripts */,
				6A7CF6B5294652B9007B7D68 /* Frameworks */,
				6A7CF5302943CF33007B7D68 /* GistHub */,
				6A7CF52F2943CF33007B7D68 /* Products */,
			);
			sourceTree = "<group>";
		};
		6A7CF52F2943CF33007B7D68 /* Products */ = {
			isa = PBXGroup;
			children = (
				6A7CF52E2943CF33007B7D68 /* GistHub.app */,
			);
			name = Products;
			sourceTree = "<group>";
		};
		6A7CF5302943CF33007B7D68 /* GistHub */ = {
			isa = PBXGroup;
			children = (
				6A7CF5452943CF3A007B7D68 /* App */,
				6A7CF5462943CF42007B7D68 /* Resources */,
			);
			path = GistHub;
			sourceTree = "<group>";
		};
		6A7CF5452943CF3A007B7D68 /* App */ = {
			isa = PBXGroup;
			children = (
				6A7CF5312943CF33007B7D68 /* AppDelegate.swift */,
				6A7CF5332943CF33007B7D68 /* SceneDelegate.swift */,
				6A7CF55E29446967007B7D68 /* MainTabBarController.swift */,
				6AC4F2D3294F52D300F0A2BA /* RootViewControllers.swift */,
				6AC4F2C6294CD78F00F0A2BA /* AppController.swift */,
			);
			path = App;
			sourceTree = "<group>";
		};
		6A7CF5462943CF42007B7D68 /* Resources */ = {
			isa = PBXGroup;
			children = (
				6A7CF53A2943CF35007B7D68 /* Assets.xcassets */,
				6A7CF53C2943CF35007B7D68 /* LaunchScreen.storyboard */,
				6A7CF53F2943CF35007B7D68 /* Info.plist */,
				6AEEE4532966CD5200767BD6 /* emoji.json */,
			);
			path = Resources;
			sourceTree = "<group>";
		};
		6A7CF6B5294652B9007B7D68 /* Frameworks */ = {
			isa = PBXGroup;
			children = (
			);
			name = Frameworks;
			sourceTree = "<group>";
		};
		6A9BF50029503C0300EBFF04 /* ci_scripts */ = {
			isa = PBXGroup;
			children = (
				6A9BF50129503C3200EBFF04 /* ci_pre_xcodebuild.sh */,
			);
			path = ci_scripts;
			sourceTree = "<group>";
		};
/* End PBXGroup section */

/* Begin PBXNativeTarget section */
		6A7CF52D2943CF33007B7D68 /* GistHub */ = {
			isa = PBXNativeTarget;
			buildConfigurationList = 6A7CF5422943CF35007B7D68 /* Build configuration list for PBXNativeTarget "GistHub" */;
			buildPhases = (
				6A7CF52A2943CF33007B7D68 /* Sources */,
				6A7CF52B2943CF33007B7D68 /* Frameworks */,
				6A7CF52C2943CF33007B7D68 /* Resources */,
				6A7CF5472943D2BF007B7D68 /* SwiftLint Setup */,
			);
			buildRules = (
			);
			dependencies = (
			);
			name = GistHub;
			packageProductDependencies = (
				6A7CF56129446B0D007B7D68 /* Inject */,
				6A7CF5862944EB0C007B7D68 /* Kingfisher */,
				6A6EEF6C2947AE330018AC26 /* AlertToast */,
				6A20DF692962DF840040EBD0 /* KeyboardToolbar */,
				6A5D8D052965F4FE00BB4310 /* Highlightr */,
				6A641C352A568C870095334B /* DesignSystem */,
				6A641C372A568C870095334B /* Markdown */,
				6A641C392A568C870095334B /* Models */,
				6A641C3B2A568C870095334B /* Networking */,
				6A641C3D2A568C870095334B /* Utilities */,
				6A641C422A56E22B0095334B /* AppAccount */,
				6A641C442A56E22B0095334B /* Environment */,
				6A641C462A56E24B0095334B /* Login */,
			);
			productName = GistHub;
			productReference = 6A7CF52E2943CF33007B7D68 /* GistHub.app */;
			productType = "com.apple.product-type.application";
		};
/* End PBXNativeTarget section */

/* Begin PBXProject section */
		6A7CF5262943CF33007B7D68 /* Project object */ = {
			isa = PBXProject;
			attributes = {
				BuildIndependentTargetsInParallel = 1;
				LastSwiftUpdateCheck = 1400;
				LastUpgradeCheck = 1400;
				TargetAttributes = {
					6A7CF52D2943CF33007B7D68 = {
						CreatedOnToolsVersion = 14.0.1;
					};
				};
			};
			buildConfigurationList = 6A7CF5292943CF33007B7D68 /* Build configuration list for PBXProject "GistHub" */;
			compatibilityVersion = "Xcode 14.0";
			developmentRegion = en;
			hasScannedForEncodings = 0;
			knownRegions = (
				en,
				Base,
			);
			mainGroup = 6A7CF5252943CF33007B7D68;
			packageReferences = (
				6A7CF56029446B0D007B7D68 /* XCRemoteSwiftPackageReference "Inject" */,
				6A7CF5852944EB0C007B7D68 /* XCRemoteSwiftPackageReference "Kingfisher" */,
				6A6EEF6B2947AE320018AC26 /* XCRemoteSwiftPackageReference "AlertToast" */,
				6A20DF682962DF840040EBD0 /* XCRemoteSwiftPackageReference "KeyboardToolbar" */,
				6A5D8D042965F4FE00BB4310 /* XCRemoteSwiftPackageReference "Highlightr" */,
			);
			productRefGroup = 6A7CF52F2943CF33007B7D68 /* Products */;
			projectDirPath = "";
			projectRoot = "";
			targets = (
				6A7CF52D2943CF33007B7D68 /* GistHub */,
			);
		};
/* End PBXProject section */

/* Begin PBXResourcesBuildPhase section */
		6A7CF52C2943CF33007B7D68 /* Resources */ = {
			isa = PBXResourcesBuildPhase;
			buildActionMask = 2147483647;
			files = (
				6A7CF53E2943CF35007B7D68 /* LaunchScreen.storyboard in Resources */,
				6AEEE4542966CD5200767BD6 /* emoji.json in Resources */,
				6A7CF53B2943CF35007B7D68 /* Assets.xcassets in Resources */,
			);
			runOnlyForDeploymentPostprocessing = 0;
		};
/* End PBXResourcesBuildPhase section */

/* Begin PBXShellScriptBuildPhase section */
		6A7CF5472943D2BF007B7D68 /* SwiftLint Setup */ = {
			isa = PBXShellScriptBuildPhase;
			alwaysOutOfDate = 1;
			buildActionMask = 2147483647;
			files = (
			);
			inputFileListPaths = (
			);
			inputPaths = (
			);
			name = "SwiftLint Setup";
			outputFileListPaths = (
			);
			outputPaths = (
			);
			runOnlyForDeploymentPostprocessing = 0;
			shellPath = /bin/sh;
			shellScript = "export PATH=\"$PATH:/opt/homebrew/bin\"\nif which swiftlint > /dev/null; then\n  swiftlint\nelse\n  echo \"warning: SwiftLint not installed, download from https://github.com/realm/SwiftLint\"\nfi\n";
		};
/* End PBXShellScriptBuildPhase section */

/* Begin PBXSourcesBuildPhase section */
		6A7CF52A2943CF33007B7D68 /* Sources */ = {
			isa = PBXSourcesBuildPhase;
			buildActionMask = 2147483647;
			files = (
				6AC4F2C7294CD78F00F0A2BA /* AppController.swift in Sources */,
				6A7CF55F29446967007B7D68 /* MainTabBarController.swift in Sources */,
				6AC4F2D4294F52D300F0A2BA /* RootViewControllers.swift in Sources */,
				6A7CF5322943CF33007B7D68 /* AppDelegate.swift in Sources */,
				6A7CF5342943CF33007B7D68 /* SceneDelegate.swift in Sources */,
			);
			runOnlyForDeploymentPostprocessing = 0;
		};
/* End PBXSourcesBuildPhase section */

/* Begin PBXVariantGroup section */
		6A7CF53C2943CF35007B7D68 /* LaunchScreen.storyboard */ = {
			isa = PBXVariantGroup;
			children = (
				6A7CF53D2943CF35007B7D68 /* Base */,
			);
			name = LaunchScreen.storyboard;
			sourceTree = "<group>";
		};
/* End PBXVariantGroup section */

/* Begin XCBuildConfiguration section */
		6A7CF5402943CF35007B7D68 /* Debug */ = {
			isa = XCBuildConfiguration;
			baseConfigurationReference = 6A20DF6329620DE30040EBD0 /* GistHub.xcconfig */;
			buildSettings = {
				ALWAYS_SEARCH_USER_PATHS = NO;
				CLANG_ANALYZER_NONNULL = YES;
				CLANG_ANALYZER_NUMBER_OBJECT_CONVERSION = YES_AGGRESSIVE;
				CLANG_CXX_LANGUAGE_STANDARD = "gnu++20";
				CLANG_ENABLE_MODULES = YES;
				CLANG_ENABLE_OBJC_ARC = YES;
				CLANG_ENABLE_OBJC_WEAK = YES;
				CLANG_WARN_BLOCK_CAPTURE_AUTORELEASING = YES;
				CLANG_WARN_BOOL_CONVERSION = YES;
				CLANG_WARN_COMMA = YES;
				CLANG_WARN_CONSTANT_CONVERSION = YES;
				CLANG_WARN_DEPRECATED_OBJC_IMPLEMENTATIONS = YES;
				CLANG_WARN_DIRECT_OBJC_ISA_USAGE = YES_ERROR;
				CLANG_WARN_DOCUMENTATION_COMMENTS = YES;
				CLANG_WARN_EMPTY_BODY = YES;
				CLANG_WARN_ENUM_CONVERSION = YES;
				CLANG_WARN_INFINITE_RECURSION = YES;
				CLANG_WARN_INT_CONVERSION = YES;
				CLANG_WARN_NON_LITERAL_NULL_CONVERSION = YES;
				CLANG_WARN_OBJC_IMPLICIT_RETAIN_SELF = YES;
				CLANG_WARN_OBJC_LITERAL_CONVERSION = YES;
				CLANG_WARN_OBJC_ROOT_CLASS = YES_ERROR;
				CLANG_WARN_QUOTED_INCLUDE_IN_FRAMEWORK_HEADER = YES;
				CLANG_WARN_RANGE_LOOP_ANALYSIS = YES;
				CLANG_WARN_STRICT_PROTOTYPES = YES;
				CLANG_WARN_SUSPICIOUS_MOVE = YES;
				CLANG_WARN_UNGUARDED_AVAILABILITY = YES_AGGRESSIVE;
				CLANG_WARN_UNREACHABLE_CODE = YES;
				CLANG_WARN__DUPLICATE_METHOD_MATCH = YES;
				COPY_PHASE_STRIP = NO;
				DEBUG_INFORMATION_FORMAT = dwarf;
				ENABLE_STRICT_OBJC_MSGSEND = YES;
				ENABLE_TESTABILITY = YES;
				GCC_C_LANGUAGE_STANDARD = gnu11;
				GCC_DYNAMIC_NO_PIC = NO;
				GCC_NO_COMMON_BLOCKS = YES;
				GCC_OPTIMIZATION_LEVEL = 0;
				GCC_PREPROCESSOR_DEFINITIONS = (
					"DEBUG=1",
					"$(inherited)",
				);
				GCC_WARN_64_TO_32_BIT_CONVERSION = YES;
				GCC_WARN_ABOUT_RETURN_TYPE = YES_ERROR;
				GCC_WARN_UNDECLARED_SELECTOR = YES;
				GCC_WARN_UNINITIALIZED_AUTOS = YES_AGGRESSIVE;
				GCC_WARN_UNUSED_FUNCTION = YES;
				GCC_WARN_UNUSED_VARIABLE = YES;
				IPHONEOS_DEPLOYMENT_TARGET = 16.0;
				MTL_ENABLE_DEBUG_INFO = INCLUDE_SOURCE;
				MTL_FAST_MATH = YES;
				ONLY_ACTIVE_ARCH = YES;
				SDKROOT = iphoneos;
				SWIFT_ACTIVE_COMPILATION_CONDITIONS = DEBUG;
				SWIFT_OPTIMIZATION_LEVEL = "-Onone";
			};
			name = Debug;
		};
		6A7CF5412943CF35007B7D68 /* Release */ = {
			isa = XCBuildConfiguration;
			baseConfigurationReference = 6A20DF6329620DE30040EBD0 /* GistHub.xcconfig */;
			buildSettings = {
				ALWAYS_SEARCH_USER_PATHS = NO;
				CLANG_ANALYZER_NONNULL = YES;
				CLANG_ANALYZER_NUMBER_OBJECT_CONVERSION = YES_AGGRESSIVE;
				CLANG_CXX_LANGUAGE_STANDARD = "gnu++20";
				CLANG_ENABLE_MODULES = YES;
				CLANG_ENABLE_OBJC_ARC = YES;
				CLANG_ENABLE_OBJC_WEAK = YES;
				CLANG_WARN_BLOCK_CAPTURE_AUTORELEASING = YES;
				CLANG_WARN_BOOL_CONVERSION = YES;
				CLANG_WARN_COMMA = YES;
				CLANG_WARN_CONSTANT_CONVERSION = YES;
				CLANG_WARN_DEPRECATED_OBJC_IMPLEMENTATIONS = YES;
				CLANG_WARN_DIRECT_OBJC_ISA_USAGE = YES_ERROR;
				CLANG_WARN_DOCUMENTATION_COMMENTS = YES;
				CLANG_WARN_EMPTY_BODY = YES;
				CLANG_WARN_ENUM_CONVERSION = YES;
				CLANG_WARN_INFINITE_RECURSION = YES;
				CLANG_WARN_INT_CONVERSION = YES;
				CLANG_WARN_NON_LITERAL_NULL_CONVERSION = YES;
				CLANG_WARN_OBJC_IMPLICIT_RETAIN_SELF = YES;
				CLANG_WARN_OBJC_LITERAL_CONVERSION = YES;
				CLANG_WARN_OBJC_ROOT_CLASS = YES_ERROR;
				CLANG_WARN_QUOTED_INCLUDE_IN_FRAMEWORK_HEADER = YES;
				CLANG_WARN_RANGE_LOOP_ANALYSIS = YES;
				CLANG_WARN_STRICT_PROTOTYPES = YES;
				CLANG_WARN_SUSPICIOUS_MOVE = YES;
				CLANG_WARN_UNGUARDED_AVAILABILITY = YES_AGGRESSIVE;
				CLANG_WARN_UNREACHABLE_CODE = YES;
				CLANG_WARN__DUPLICATE_METHOD_MATCH = YES;
				COPY_PHASE_STRIP = NO;
				DEBUG_INFORMATION_FORMAT = "dwarf-with-dsym";
				ENABLE_NS_ASSERTIONS = NO;
				ENABLE_STRICT_OBJC_MSGSEND = YES;
				GCC_C_LANGUAGE_STANDARD = gnu11;
				GCC_NO_COMMON_BLOCKS = YES;
				GCC_WARN_64_TO_32_BIT_CONVERSION = YES;
				GCC_WARN_ABOUT_RETURN_TYPE = YES_ERROR;
				GCC_WARN_UNDECLARED_SELECTOR = YES;
				GCC_WARN_UNINITIALIZED_AUTOS = YES_AGGRESSIVE;
				GCC_WARN_UNUSED_FUNCTION = YES;
				GCC_WARN_UNUSED_VARIABLE = YES;
				IPHONEOS_DEPLOYMENT_TARGET = 16.0;
				MTL_ENABLE_DEBUG_INFO = NO;
				MTL_FAST_MATH = YES;
				SDKROOT = iphoneos;
				SWIFT_COMPILATION_MODE = wholemodule;
				SWIFT_OPTIMIZATION_LEVEL = "-O";
				VALIDATE_PRODUCT = YES;
			};
			name = Release;
		};
		6A7CF5432943CF35007B7D68 /* Debug */ = {
			isa = XCBuildConfiguration;
			baseConfigurationReference = 6A20DF6329620DE30040EBD0 /* GistHub.xcconfig */;
			buildSettings = {
				ASSETCATALOG_COMPILER_APPICON_NAME = AppIcon;
				ASSETCATALOG_COMPILER_GLOBAL_ACCENT_COLOR_NAME = AccentColor;
				CODE_SIGN_STYLE = Automatic;
				CURRENT_PROJECT_VERSION = 0;
				DEVELOPMENT_TEAM = 2A5UDWBZZ2;
				GENERATE_INFOPLIST_FILE = YES;
				INFOPLIST_FILE = GistHub/Resources/Info.plist;
				INFOPLIST_KEY_UIApplicationSupportsIndirectInputEvents = YES;
				INFOPLIST_KEY_UILaunchStoryboardName = LaunchScreen;
				INFOPLIST_KEY_UISupportedInterfaceOrientations_iPad = "UIInterfaceOrientationPortrait UIInterfaceOrientationPortraitUpsideDown UIInterfaceOrientationLandscapeLeft UIInterfaceOrientationLandscapeRight";
				INFOPLIST_KEY_UISupportedInterfaceOrientations_iPhone = "UIInterfaceOrientationPortrait UIInterfaceOrientationLandscapeLeft UIInterfaceOrientationLandscapeRight";
				IPHONEOS_DEPLOYMENT_TARGET = 16.0;
				LD_RUNPATH_SEARCH_PATHS = (
					"$(inherited)",
					"@executable_path/Frameworks",
				);
				OTHER_LDFLAGS = (
					"-Xlinker",
					"-interposable",
				);
				PRODUCT_BUNDLE_IDENTIFIER = com.ldakhoa.gisthub;
				PRODUCT_NAME = "$(TARGET_NAME)";
				STRIP_INSTALLED_PRODUCT = NO;
				STRIP_STYLE = all;
				SWIFT_EMIT_LOC_STRINGS = YES;
				SWIFT_VERSION = 5.0;
				TARGETED_DEVICE_FAMILY = "1,2";
			};
			name = Debug;
		};
		6A7CF5442943CF35007B7D68 /* Release */ = {
			isa = XCBuildConfiguration;
			baseConfigurationReference = 6A20DF6329620DE30040EBD0 /* GistHub.xcconfig */;
			buildSettings = {
				ASSETCATALOG_COMPILER_APPICON_NAME = AppIcon;
				ASSETCATALOG_COMPILER_GLOBAL_ACCENT_COLOR_NAME = AccentColor;
				CODE_SIGN_STYLE = Automatic;
				CURRENT_PROJECT_VERSION = 0;
				DEVELOPMENT_TEAM = 2A5UDWBZZ2;
				GENERATE_INFOPLIST_FILE = YES;
				INFOPLIST_FILE = GistHub/Resources/Info.plist;
				INFOPLIST_KEY_UIApplicationSupportsIndirectInputEvents = YES;
				INFOPLIST_KEY_UILaunchStoryboardName = LaunchScreen;
				INFOPLIST_KEY_UISupportedInterfaceOrientations_iPad = "UIInterfaceOrientationPortrait UIInterfaceOrientationPortraitUpsideDown UIInterfaceOrientationLandscapeLeft UIInterfaceOrientationLandscapeRight";
				INFOPLIST_KEY_UISupportedInterfaceOrientations_iPhone = "UIInterfaceOrientationPortrait UIInterfaceOrientationLandscapeLeft UIInterfaceOrientationLandscapeRight";
				IPHONEOS_DEPLOYMENT_TARGET = 16.0;
				LD_RUNPATH_SEARCH_PATHS = (
					"$(inherited)",
					"@executable_path/Frameworks",
				);
				OTHER_LDFLAGS = (
					"-Xlinker",
					"-interposable",
				);
				PRODUCT_BUNDLE_IDENTIFIER = com.ldakhoa.gisthub;
				PRODUCT_NAME = "$(TARGET_NAME)";
				STRIP_INSTALLED_PRODUCT = NO;
				STRIP_STYLE = all;
				SWIFT_EMIT_LOC_STRINGS = YES;
				SWIFT_VERSION = 5.0;
				TARGETED_DEVICE_FAMILY = "1,2";
			};
			name = Release;
		};
/* End XCBuildConfiguration section */

/* Begin XCConfigurationList section */
		6A7CF5292943CF33007B7D68 /* Build configuration list for PBXProject "GistHub" */ = {
			isa = XCConfigurationList;
			buildConfigurations = (
				6A7CF5402943CF35007B7D68 /* Debug */,
				6A7CF5412943CF35007B7D68 /* Release */,
			);
			defaultConfigurationIsVisible = 0;
			defaultConfigurationName = Release;
		};
		6A7CF5422943CF35007B7D68 /* Build configuration list for PBXNativeTarget "GistHub" */ = {
			isa = XCConfigurationList;
			buildConfigurations = (
				6A7CF5432943CF35007B7D68 /* Debug */,
				6A7CF5442943CF35007B7D68 /* Release */,
			);
			defaultConfigurationIsVisible = 0;
			defaultConfigurationName = Release;
		};
/* End XCConfigurationList section */

/* Begin XCRemoteSwiftPackageReference section */
		6A20DF682962DF840040EBD0 /* XCRemoteSwiftPackageReference "KeyboardToolbar" */ = {
			isa = XCRemoteSwiftPackageReference;
			repositoryURL = "https://github.com/simonbs/KeyboardToolbar";
			requirement = {
				kind = upToNextMajorVersion;
				minimumVersion = 0.1.1;
			};
		};
		6A5D8D042965F4FE00BB4310 /* XCRemoteSwiftPackageReference "Highlightr" */ = {
			isa = XCRemoteSwiftPackageReference;
			repositoryURL = "https://github.com/ldakhoa/Highlightr";
			requirement = {
				kind = upToNextMajorVersion;
				minimumVersion = 1.0.0;
			};
		};
		6A6EEF6B2947AE320018AC26 /* XCRemoteSwiftPackageReference "AlertToast" */ = {
			isa = XCRemoteSwiftPackageReference;
			repositoryURL = "https://github.com/elai950/AlertToast";
			requirement = {
				kind = upToNextMajorVersion;
				minimumVersion = 1.0.0;
			};
		};
		6A7CF56029446B0D007B7D68 /* XCRemoteSwiftPackageReference "Inject" */ = {
			isa = XCRemoteSwiftPackageReference;
			repositoryURL = "https://github.com/krzysztofzablocki/Inject";
			requirement = {
				kind = upToNextMajorVersion;
				minimumVersion = 1.0.0;
			};
		};
		6A7CF5852944EB0C007B7D68 /* XCRemoteSwiftPackageReference "Kingfisher" */ = {
			isa = XCRemoteSwiftPackageReference;
			repositoryURL = "https://github.com/onevcat/Kingfisher";
			requirement = {
				kind = upToNextMajorVersion;
				minimumVersion = 7.0.0;
			};
		};
/* End XCRemoteSwiftPackageReference section */

/* Begin XCSwiftPackageProductDependency section */
		6A20DF692962DF840040EBD0 /* KeyboardToolbar */ = {
			isa = XCSwiftPackageProductDependency;
			package = 6A20DF682962DF840040EBD0 /* XCRemoteSwiftPackageReference "KeyboardToolbar" */;
			productName = KeyboardToolbar;
		};
		6A5D8D052965F4FE00BB4310 /* Highlightr */ = {
			isa = XCSwiftPackageProductDependency;
			package = 6A5D8D042965F4FE00BB4310 /* XCRemoteSwiftPackageReference "Highlightr" */;
			productName = Highlightr;
		};
		6A641C352A568C870095334B /* DesignSystem */ = {
			isa = XCSwiftPackageProductDependency;
			productName = DesignSystem;
		};
		6A641C372A568C870095334B /* Markdown */ = {
			isa = XCSwiftPackageProductDependency;
			productName = Markdown;
		};
		6A641C392A568C870095334B /* Models */ = {
			isa = XCSwiftPackageProductDependency;
			productName = Models;
		};
		6A641C3B2A568C870095334B /* Networking */ = {
			isa = XCSwiftPackageProductDependency;
			productName = Networking;
		};
		6A641C3D2A568C870095334B /* Utilities */ = {
			isa = XCSwiftPackageProductDependency;
			productName = Utilities;
		};
		6A641C422A56E22B0095334B /* AppAccount */ = {
			isa = XCSwiftPackageProductDependency;
			productName = AppAccount;
		};
		6A641C442A56E22B0095334B /* Environment */ = {
			isa = XCSwiftPackageProductDependency;
			productName = Environment;
		};
		6A641C462A56E24B0095334B /* Login */ = {
			isa = XCSwiftPackageProductDependency;
			productName = Login;
		};
		6A6EEF6C2947AE330018AC26 /* AlertToast */ = {
			isa = XCSwiftPackageProductDependency;
			package = 6A6EEF6B2947AE320018AC26 /* XCRemoteSwiftPackageReference "AlertToast" */;
			productName = AlertToast;
		};
		6A7CF56129446B0D007B7D68 /* Inject */ = {
			isa = XCSwiftPackageProductDependency;
			package = 6A7CF56029446B0D007B7D68 /* XCRemoteSwiftPackageReference "Inject" */;
			productName = Inject;
		};
		6A7CF5862944EB0C007B7D68 /* Kingfisher */ = {
			isa = XCSwiftPackageProductDependency;
			package = 6A7CF5852944EB0C007B7D68 /* XCRemoteSwiftPackageReference "Kingfisher" */;
			productName = Kingfisher;
		};
/* End XCSwiftPackageProductDependency section */
	};
	rootObject = 6A7CF5262943CF33007B7D68 /* Project object */;
}
