{
  "pins" : [
    {
      "identity" : "alerttoast",
      "kind" : "remoteSourceControl",
      "location" : "https://github.com/elai950/AlertToast",
      "state" : {
        "revision" : "a4f4267f6454259ba4ed8f9dadb87334a789c26c",
        "version" : "1.3.7"
      }
    },
    {
      "identity" : "gisthub-cmark-gfm-swift",
      "kind" : "remoteSourceControl",
      "location" : "https://github.com/ldakhoa/gisthub-cmark-gfm-swift",
      "state" : {
        "revision" : "22c14c09d1e02b6cfaec5fbc90b0431fc1148d20",
        "version" : "1.0.2"
      }
    },
    {
      "identity" : "inject",
      "kind" : "remoteSourceControl",
      "location" : "https://github.com/krzysztofzablocki/Inject",
      "state" : {
        "revision" : "04925668f57e74bc40f21b185a41c5585a84a9fe",
        "version" : "1.2.2"
      }
    },
    {
      "identity" : "keyboardtoolbar",
      "kind" : "remoteSourceControl",
      "location" : "https://github.com/simonbs/KeyboardToolbar",
      "state" : {
        "revision" : "5f95f8e9af98f6163a58caaceaadc3bf720fd7bd",
        "version" : "0.1.1"
      }
    },
    {
      "identity" : "kingfisher",
      "kind" : "remoteSourceControl",
      "location" : "https://github.com/onevcat/Kingfisher",
      "state" : {
        "revision" : "44e891bdb61426a95e31492a67c7c0dfad1f87c5",
        "version" : "7.4.1"
      }
    },
    {
      "identity" : "networkable",
      "kind" : "remoteSourceControl",
      "location" : "https://github.com/tphduy/Networkable",
      "state" : {
        "revision" : "8e514e65d81a8ed7a67f718e3cc9399ce2094be4",
        "version" : "2.0.0"
      }
    },
    {
      "identity" : "runestone",
      "kind" : "remoteSourceControl",
      "location" : "https://github.com/simonbs/Runestone",
      "state" : {
        "revision" : "e9d220ae1a00b5ef00a7b6146d77f660f9e5dbe2",
        "version" : "0.2.10"
      }
    },
    {
      "identity" : "swift-collections",
      "kind" : "remoteSourceControl",
      "location" : "https://github.com/apple/swift-collections/",
      "state" : {
        "revision" : "937e904258d22af6e447a0b72c0bc67583ef64a2",
        "version" : "1.0.4"
      }
    },
    {
      "identity" : "treesitterlanguages",
      "kind" : "remoteSourceControl",
      "location" : "https://github.com/simonbs/treesitterlanguages",
      "state" : {
        "revision" : "f23b8872561daf747e233ba7d6130d9e680f52e1",
        "version" : "0.1.4"
      }
    }
  ],
  "version" : 2
}
