{
  "pins" : [
    {
      "identity" : "networkable",
      "kind" : "remoteSourceControl",
      "location" : "https://github.com/tphduy/Networkable",
      "state" : {
        "revision" : "8e514e65d81a8ed7a67f718e3cc9399ce2094be4",
        "version" : "2.0.0"
      }
    }
  ],
  "version" : 2
}
