{
  "pins" : [
    {
      "identity" : "alerttoast",
      "kind" : "remoteSourceControl",
      "location" : "https://github.com/elai950/AlertToast",
      "state" : {
        "revision" : "b39252eacd159904afd7d718bba0afabb87f2f2f",
        "version" : "1.3.9"
      }
    },
    {
      "identity" : "gisthub-cmark-gfm-swift",
      "kind" : "remoteSourceControl",
      "location" : "https://github.com/ldakhoa/gisthub-cmark-gfm-swift",
      "state" : {
        "revision" : "22c14c09d1e02b6cfaec5fbc90b0431fc1148d20",
        "version" : "1.0.2"
      }
    },
    {
      "identity" : "highlightr",
      "kind" : "remoteSourceControl",
      "location" : "https://github.com/ldakhoa/Highlightr",
      "state" : {
        "revision" : "ef5856b43b8a50e4292bb39b905c7cbf615c856f",
        "version" : "1.0.2"
      }
    },
    {
      "identity" : "htmlstring",
      "kind" : "remoteSourceControl",
      "location" : "https://github.com/alexaubry/HTMLString",
      "state" : {
        "revision" : "04613a3b0f40a91e554b5174c0a10657f1a26357",
        "version" : "6.0.1"
      }
    },
    {
      "identity" : "inject",
      "kind" : "remoteSourceControl",
      "location" : "https://github.com/krzysztofzablocki/Inject",
      "state" : {
        "revision" : "abcc4b091fd384cfd09b149a60298b75dc87c5b9",
        "version" : "1.2.3"
      }
    },
    {
      "identity" : "keyboardtoolbar",
      "kind" : "remoteSourceControl",
      "location" : "https://github.com/simonbs/KeyboardToolbar",
      "state" : {
        "revision" : "5f95f8e9af98f6163a58caaceaadc3bf720fd7bd",
        "version" : "0.1.1"
      }
    },
    {
      "identity" : "kingfisher",
      "kind" : "remoteSourceControl",
      "location" : "https://github.com/onevcat/Kingfisher",
      "state" : {
        "revision" : "c1f60c63f356d364f4284ba82961acbe7de79bcc",
        "version" : "7.8.1"
      }
    },
    {
      "identity" : "networkable",
      "kind" : "remoteSourceControl",
      "location" : "https://github.com/duytph/Networkable",
      "state" : {
        "revision" : "8e514e65d81a8ed7a67f718e3cc9399ce2094be4",
        "version" : "2.0.0"
      }
    },
    {
      "identity" : "runestone",
      "kind" : "remoteSourceControl",
      "location" : "https://github.com/simonbs/Runestone",
      "state" : {
        "revision" : "1d0e79051a18d79f12882e9fad0b130e47d4a06b",
        "version" : "0.3.0"
      }
    },
    {
      "identity" : "styledtextkit",
      "kind" : "remoteSourceControl",
      "location" : "https://github.com/ldakhoa/StyledTextKit",
      "state" : {
        "revision" : "f4e75310e524797e8e750829e90c3620cb0f8dce",
        "version" : "1.0.0"
      }
    },
    {
      "identity" : "swift-collections",
      "kind" : "remoteSourceControl",
      "location" : "https://github.com/apple/swift-collections/",
      "state" : {
        "revision" : "937e904258d22af6e447a0b72c0bc67583ef64a2",
        "version" : "1.0.4"
      }
    },
    {
      "identity" : "treesitterlanguages",
      "kind" : "remoteSourceControl",
      "location" : "https://github.com/simonbs/treesitterlanguages",
      "state" : {
        "revision" : "a15ab30453d14097355d7d78ec7c0feb008cfbba",
        "version" : "0.1.7"
      }
    }
  ],
  "version" : 2
}
